<Solution>
  <Folder Name="/Solution Items/">
    <File Path="compose.multinode.yaml" />
    <File Path="compose.yaml" />
    <File Path="compose.dev.yaml" />
    <File Path="README.md" />
  </Folder>
  <Folder Name="/src/">
    <Project Path="src/Means.Core/Means.Core.csproj" />
    <Project Path="src/Means.Infrastructure.XlFs/Means.Infrastructure.XlFs.csproj" />
    <Project Path="src/Means.Protocol.S3/Means.Protocol.S3.csproj" />
    <Project Path="src/Means/Means.csproj" />
  </Folder>
  <Folder Name="/SDKs/">
    <Project Path="SDKs/csharp/Means.Client.csproj" />
  </Folder>
  <Folder Name="/tests/">
    <Project Path="tests/Means.ContractTests/Means.ContractTests.csproj" />
    <Project Path="tests/Means.IntegrationTests/Means.IntegrationTests.csproj" />
    <Project Path="tests/Means.UnitTests/Means.UnitTests.csproj" />
  </Folder>
</Solution>
